
Microsoft Visual Studio Solution File, Format Version 12.00
# Visual Studio Version 17
VisualStudioVersion = 17.0.31912.275
MinimumVisualStudioVersion = 10.0.40219.1
Project("{9A19103F-16F7-4668-BE54-9A1E7A4F7556}") = "opleiding.api", "Opleiding.api\opleiding.api.csproj", "{748AC470-6EFD-422B-9EE8-9D3136C78723}"
	ProjectSection(ProjectDependencies) = postProject
		{61A09070-B20D-40BA-B3E9-7253B54B6925} = {61A09070-B20D-40BA-B3E9-7253B54B6925}
	EndProjectSection
EndProject
Project("{FAE04EC0-301F-11D3-BF4B-00C04F79EFBC}") = "opleiding.models", "opleiding.models\opleiding.models.csproj", "{61A09070-B20D-40BA-B3E9-7253B54B6925}"
EndProject
Global
	GlobalSection(SolutionConfigurationPlatforms) = preSolution
		Debug|Any CPU = Debug|Any CPU
		Release|Any CPU = Release|Any CPU
	EndGlobalSection
	GlobalSection(ProjectConfigurationPlatforms) = postSolution
		{748AC470-6EFD-422B-9EE8-9D3136C78723}.Debug|Any CPU.ActiveCfg = Debug|Any CPU
		{748AC470-6EFD-422B-9EE8-9D3136C78723}.Debug|Any CPU.Build.0 = Debug|Any CPU
		{748AC470-6EFD-422B-9EE8-9D3136C78723}.Release|Any CPU.ActiveCfg = Release|Any CPU
		{748AC470-6EFD-422B-9EE8-9D3136C78723}.Release|Any CPU.Build.0 = Release|Any CPU
		{61A09070-B20D-40BA-B3E9-7253B54B6925}.Debug|Any CPU.ActiveCfg = Debug|Any CPU
		{61A09070-B20D-40BA-B3E9-7253B54B6925}.Debug|Any CPU.Build.0 = Debug|Any CPU
		{61A09070-B20D-40BA-B3E9-7253B54B6925}.Release|Any CPU.ActiveCfg = Release|Any CPU
		{61A09070-B20D-40BA-B3E9-7253B54B6925}.Release|Any CPU.Build.0 = Release|Any CPU
	EndGlobalSection
	GlobalSection(SolutionProperties) = preSolution
		HideSolutionNode = FALSE
	EndGlobalSection
	GlobalSection(ExtensibilityGlobals) = postSolution
		SolutionGuid = {049B11A3-8E52-4748-9B88-F51F6B525540}
	EndGlobalSection
EndGlobal
